
Microsoft Visual Studio Solution File, Format Version 12.00
# Visual Studio Version 17
VisualStudioVersion = 17.11.35312.102
MinimumVisualStudioVersion = 10.0.40219.1
Project("{FAE04EC0-301F-11D3-BF4B-00C04F79EFBC}") = "ejercicioTelegrama", "ejercicioTelegrama.csproj", "{4F0B3715-6A24-4197-96BC-7DEE7626B0A1}"
EndProject
Global
	GlobalSection(SolutionConfigurationPlatforms) = preSolution
		Debug|Any CPU = Debug|Any CPU
		Release|Any CPU = Release|Any CPU
	EndGlobalSection
	GlobalSection(ProjectConfigurationPlatforms) = postSolution
		{4F0B3715-6A24-4197-96BC-7DEE7626B0A1}.Debug|Any CPU.ActiveCfg = Debug|Any CPU
		{4F0B3715-6A24-4197-96BC-7DEE7626B0A1}.Debug|Any CPU.Build.0 = Debug|Any CPU
		{4F0B3715-6A24-4197-96BC-7DEE7626B0A1}.Release|Any CPU.ActiveCfg = Release|Any CPU
		{4F0B3715-6A24-4197-96BC-7DEE7626B0A1}.Release|Any CPU.Build.0 = Release|Any CPU
	EndGlobalSection
	GlobalSection(SolutionProperties) = preSolution
		HideSolutionNode = FALSE
	EndGlobalSection
	GlobalSection(ExtensibilityGlobals) = postSolution
		SolutionGuid = {F593EF98-92BA-4121-9DE2-B19D35C99F49}
	EndGlobalSection
EndGlobal
